// !$*UTF8*$!
{
	archiveVersion = 1;
	classes = {
	};
	objectVersion = 46;
	objects = {

/* Begin PBXBuildFile section */
		4705068C1A42B65400EEA613 /* ArrivalTimesCollectionViewCell.swift in Sources */ = {isa = PBXBuildFile; fileRef = 4705068B1A42B65400EEA613 /* ArrivalTimesCollectionViewCell.swift */; };
		4705068E1A42B72800EEA613 /* StopsHeaderCollectionReusableView.swift in Sources */ = {isa = PBXBuildFile; fileRef = 4705068D1A42B72800EEA613 /* StopsHeaderCollectionReusableView.swift */; };
		470506911A42B94F00EEA613 /* ArrivalTimesForRouteCollectionViewController.swift in Sources */ = {isa = PBXBuildFile; fileRef = 470506901A42B94F00EEA613 /* ArrivalTimesForRouteCollectionViewController.swift */; };
		470506951A4B5CEB00EEA613 /* MapViewController.swift in Sources */ = {isa = PBXBuildFile; fileRef = 470506941A4B5CEB00EEA613 /* MapViewController.swift */; };
		470506971A4D4DD900EEA613 /* ContainerViewController.swift in Sources */ = {isa = PBXBuildFile; fileRef = 470506961A4D4DD900EEA613 /* ContainerViewController.swift */; };
		470506991A4E663D00EEA613 /* EmptySegue.swift in Sources */ = {isa = PBXBuildFile; fileRef = 470506981A4E663D00EEA613 /* EmptySegue.swift */; };
		4711A9BA19AFBBB80062F587 /* StoreKit.framework in Frameworks */ = {isa = PBXBuildFile; fileRef = 4711A9B919AFBBB80062F587 /* StoreKit.framework */; };
		4711A9BC19AFBBCF0062F587 /* QuartzCore.framework in Frameworks */ = {isa = PBXBuildFile; fileRef = 4711A9BB19AFBBCF0062F587 /* QuartzCore.framework */; };
		4711A9BE19AFBBD60062F587 /* MobileCoreServices.framework in Frameworks */ = {isa = PBXBuildFile; fileRef = 4711A9BD19AFBBD60062F587 /* MobileCoreServices.framework */; };
		4711A9C019AFBBDB0062F587 /* libz.1.1.3.dylib in Frameworks */ = {isa = PBXBuildFile; fileRef = 4711A9BF19AFBBDB0062F587 /* libz.1.1.3.dylib */; };
		4711A9C219AFBBE10062F587 /* CFNetwork.framework in Frameworks */ = {isa = PBXBuildFile; fileRef = 4711A9C119AFBBE10062F587 /* CFNetwork.framework */; };
		4711A9C419AFBBED0062F587 /* AudioToolbox.framework in Frameworks */ = {isa = PBXBuildFile; fileRef = 4711A9C319AFBBED0062F587 /* AudioToolbox.framework */; };
		4711A9C619AFBBF50062F587 /* Security.framework in Frameworks */ = {isa = PBXBuildFile; fileRef = 4711A9C519AFBBF50062F587 /* Security.framework */; };
		4711A9C819AFBC010062F587 /* SystemConfiguration.framework in Frameworks */ = {isa = PBXBuildFile; fileRef = 4711A9C719AFBC010062F587 /* SystemConfiguration.framework */; };
		4711A9CA19AFBC060062F587 /* iAd.framework in Frameworks */ = {isa = PBXBuildFile; fileRef = 4711A9C919AFBC060062F587 /* iAd.framework */; };
		4711A9CC19AFBC0B0062F587 /* CoreLocation.framework in Frameworks */ = {isa = PBXBuildFile; fileRef = 4711A9CB19AFBC0B0062F587 /* CoreLocation.framework */; };
		4711A9CE19AFBC160062F587 /* MapKit.framework in Frameworks */ = {isa = PBXBuildFile; fileRef = 4711A9CD19AFBC160062F587 /* MapKit.framework */; };
		4711A9D019AFBC1B0062F587 /* UIKit.framework in Frameworks */ = {isa = PBXBuildFile; fileRef = 4711A9CF19AFBC1B0062F587 /* UIKit.framework */; };
		4711A9D219AFBC230062F587 /* Foundation.framework in Frameworks */ = {isa = PBXBuildFile; fileRef = 4711A9D119AFBC230062F587 /* Foundation.framework */; };
		4711A9D419AFBC290062F587 /* CoreGraphics.framework in Frameworks */ = {isa = PBXBuildFile; fileRef = 4711A9D319AFBC290062F587 /* CoreGraphics.framework */; };
		4711AA0219AFBF710062F587 /* VirginiaTech.gpx in Resources */ = {isa = PBXBuildFile; fileRef = 4711AA0119AFBF710062F587 /* VirginiaTech.gpx */; };
		4711AA0919AFBF850062F587 /* StopName.txt in Resources */ = {isa = PBXBuildFile; fileRef = 4711AA0319AFBF850062F587 /* StopName.txt */; };
		4711AA0A19AFBF850062F587 /* StopCode.txt in Resources */ = {isa = PBXBuildFile; fileRef = 4711AA0419AFBF850062F587 /* StopCode.txt */; };
		4711AA0B19AFBF850062F587 /* Latitudes.txt in Resources */ = {isa = PBXBuildFile; fileRef = 4711AA0519AFBF850062F587 /* Latitudes.txt */; };
		4711AA0C19AFBF850062F587 /* Longitudes.txt in Resources */ = {isa = PBXBuildFile; fileRef = 4711AA0619AFBF850062F587 /* Longitudes.txt */; };
		4711AA0D19AFBF850062F587 /* Routes.txt in Resources */ = {isa = PBXBuildFile; fileRef = 4711AA0719AFBF850062F587 /* Routes.txt */; };
		4711AA0E19AFBF850062F587 /* ShortRouteNames.txt in Resources */ = {isa = PBXBuildFile; fileRef = 4711AA0819AFBF850062F587 /* ShortRouteNames.txt */; };
		47150D741A649BD6009201CA /* MapAnnotation.swift in Sources */ = {isa = PBXBuildFile; fileRef = 47150D731A649BD6009201CA /* MapAnnotation.swift */; };
		4722CF4A1A29376B00CCEB8F /* Bolts.framework in Frameworks */ = {isa = PBXBuildFile; fileRef = 4722CF481A29376B00CCEB8F /* Bolts.framework */; };
		4722CF4B1A29376B00CCEB8F /* Parse.framework in Frameworks */ = {isa = PBXBuildFile; fileRef = 4722CF491A29376B00CCEB8F /* Parse.framework */; };
		4722CF4D1A29967900CCEB8F /* Parser.swift in Sources */ = {isa = PBXBuildFile; fileRef = 4722CF4C1A29967900CCEB8F /* Parser.swift */; };
		4722CF4F1A29971400CCEB8F /* StopsTableViewController.swift in Sources */ = {isa = PBXBuildFile; fileRef = 4722CF4E1A29971400CCEB8F /* StopsTableViewController.swift */; };
		47404B1F1A571A7B0039C3FA /* SegmentViewController.swift in Sources */ = {isa = PBXBuildFile; fileRef = 47404B1E1A571A7B0039C3FA /* SegmentViewController.swift */; };
		474D51541A7D56F9006EE7EF /* CloudKit.framework in Frameworks */ = {isa = PBXBuildFile; fileRef = 474D51531A7D56F9006EE7EF /* CloudKit.framework */; };
		475626CA1A92AFAB005AFE07 /* CloudKitStuff.swift in Sources */ = {isa = PBXBuildFile; fileRef = 475626C91A92AFAB005AFE07 /* CloudKitStuff.swift */; };
		475626CE1A92C530005AFE07 /* FavoritesViewController.swift in Sources */ = {isa = PBXBuildFile; fileRef = 475626CC1A92C530005AFE07 /* FavoritesViewController.swift */; };
		475626D21A92CAEA005AFE07 /* AddStopsViewController.swift in Sources */ = {isa = PBXBuildFile; fileRef = 475626D11A92CAEA005AFE07 /* AddStopsViewController.swift */; };
		4784FA8819B8E3D8009BE8C4 /* Route.swift in Sources */ = {isa = PBXBuildFile; fileRef = 4784FA8719B8E3D8009BE8C4 /* Route.swift */; };
		4784FA8A19B8F0DA009BE8C4 /* Stop.swift in Sources */ = {isa = PBXBuildFile; fileRef = 4784FA8919B8F0DA009BE8C4 /* Stop.swift */; };
		47BB57BB19AFB0A300B3807E /* AppDelegate.swift in Sources */ = {isa = PBXBuildFile; fileRef = 47BB57BA19AFB0A300B3807E /* AppDelegate.swift */; };
		47BB57C219AFB0A300B3807E /* Main.storyboard in Resources */ = {isa = PBXBuildFile; fileRef = 47BB57C019AFB0A300B3807E /* Main.storyboard */; };
		47BB57C419AFB0A300B3807E /* Images.xcassets in Resources */ = {isa = PBXBuildFile; fileRef = 47BB57C319AFB0A300B3807E /* Images.xcassets */; };
		47BB57D019AFB0A300B3807E /* VT_TransitTests.swift in Sources */ = {isa = PBXBuildFile; fileRef = 47BB57CF19AFB0A300B3807E /* VT_TransitTests.swift */; };
		47C8B0DA1A26D36400C9BD0A /* RoutesTableViewController.swift in Sources */ = {isa = PBXBuildFile; fileRef = 47C8B0D91A26D36400C9BD0A /* RoutesTableViewController.swift */; };
		47C8B0E31A284A8400C9BD0A /* TBXML.m in Sources */ = {isa = PBXBuildFile; fileRef = 47C8B0E11A284A8400C9BD0A /* TBXML.m */; };
		47D6D0B81A770EE6004A2EFD /* NearbyStopsTableViewController.swift in Sources */ = {isa = PBXBuildFile; fileRef = 47D6D0B71A770EE6004A2EFD /* NearbyStopsTableViewController.swift */; };
		47D6D0BB1A77E2F7004A2EFD /* NearbyStopsTableViewCell.swift in Sources */ = {isa = PBXBuildFile; fileRef = 47D6D0BA1A77E2F7004A2EFD /* NearbyStopsTableViewCell.swift */; };
/* End PBXBuildFile section */

/* Begin PBXContainerItemProxy section */
		47BB57CA19AFB0A300B3807E /* PBXContainerItemProxy */ = {
			isa = PBXContainerItemProxy;
			containerPortal = 47BB57AD19AFB0A300B3807E /* Project object */;
			proxyType = 1;
			remoteGlobalIDString = 47BB57B419AFB0A300B3807E;
			remoteInfo = "VT Transit";
		};
/* End PBXContainerItemProxy section */

/* Begin PBXFileReference section */
		4705068B1A42B65400EEA613 /* ArrivalTimesCollectionViewCell.swift */ = {isa = PBXFileReference; fileEncoding = 4; lastKnownFileType = sourcecode.swift; path = ArrivalTimesCollectionViewCell.swift; sourceTree = "<group>"; };
		4705068D1A42B72800EEA613 /* StopsHeaderCollectionReusableView.swift */ = {isa = PBXFileReference; fileEncoding = 4; lastKnownFileType = sourcecode.swift; path = StopsHeaderCollectionReusableView.swift; sourceTree = "<group>"; };
		470506901A42B94F00EEA613 /* ArrivalTimesForRouteCollectionViewController.swift */ = {isa = PBXFileReference; fileEncoding = 4; lastKnownFileType = sourcecode.swift; path = ArrivalTimesForRouteCollectionViewController.swift; sourceTree = "<group>"; };
		470506941A4B5CEB00EEA613 /* MapViewController.swift */ = {isa = PBXFileReference; fileEncoding = 4; lastKnownFileType = sourcecode.swift; path = MapViewController.swift; sourceTree = "<group>"; };
		470506961A4D4DD900EEA613 /* ContainerViewController.swift */ = {isa = PBXFileReference; fileEncoding = 4; lastKnownFileType = sourcecode.swift; path = ContainerViewController.swift; sourceTree = "<group>"; };
		470506981A4E663D00EEA613 /* EmptySegue.swift */ = {isa = PBXFileReference; fileEncoding = 4; lastKnownFileType = sourcecode.swift; path = EmptySegue.swift; sourceTree = "<group>"; };
		4711A9B919AFBBB80062F587 /* StoreKit.framework */ = {isa = PBXFileReference; lastKnownFileType = wrapper.framework; name = StoreKit.framework; path = System/Library/Frameworks/StoreKit.framework; sourceTree = SDKROOT; };
		4711A9BB19AFBBCF0062F587 /* QuartzCore.framework */ = {isa = PBXFileReference; lastKnownFileType = wrapper.framework; name = QuartzCore.framework; path = System/Library/Frameworks/QuartzCore.framework; sourceTree = SDKROOT; };
		4711A9BD19AFBBD60062F587 /* MobileCoreServices.framework */ = {isa = PBXFileReference; lastKnownFileType = wrapper.framework; name = MobileCoreServices.framework; path = System/Library/Frameworks/MobileCoreServices.framework; sourceTree = SDKROOT; };
		4711A9BF19AFBBDB0062F587 /* libz.1.1.3.dylib */ = {isa = PBXFileReference; lastKnownFileType = "compiled.mach-o.dylib"; name = libz.1.1.3.dylib; path = usr/lib/libz.1.1.3.dylib; sourceTree = SDKROOT; };
		4711A9C119AFBBE10062F587 /* CFNetwork.framework */ = {isa = PBXFileReference; lastKnownFileType = wrapper.framework; name = CFNetwork.framework; path = System/Library/Frameworks/CFNetwork.framework; sourceTree = SDKROOT; };
		4711A9C319AFBBED0062F587 /* AudioToolbox.framework */ = {isa = PBXFileReference; lastKnownFileType = wrapper.framework; name = AudioToolbox.framework; path = System/Library/Frameworks/AudioToolbox.framework; sourceTree = SDKROOT; };
		4711A9C519AFBBF50062F587 /* Security.framework */ = {isa = PBXFileReference; lastKnownFileType = wrapper.framework; name = Security.framework; path = System/Library/Frameworks/Security.framework; sourceTree = SDKROOT; };
		4711A9C719AFBC010062F587 /* SystemConfiguration.framework */ = {isa = PBXFileReference; lastKnownFileType = wrapper.framework; name = SystemConfiguration.framework; path = System/Library/Frameworks/SystemConfiguration.framework; sourceTree = SDKROOT; };
		4711A9C919AFBC060062F587 /* iAd.framework */ = {isa = PBXFileReference; lastKnownFileType = wrapper.framework; name = iAd.framework; path = System/Library/Frameworks/iAd.framework; sourceTree = SDKROOT; };
		4711A9CB19AFBC0B0062F587 /* CoreLocation.framework */ = {isa = PBXFileReference; lastKnownFileType = wrapper.framework; name = CoreLocation.framework; path = System/Library/Frameworks/CoreLocation.framework; sourceTree = SDKROOT; };
		4711A9CD19AFBC160062F587 /* MapKit.framework */ = {isa = PBXFileReference; lastKnownFileType = wrapper.framework; name = MapKit.framework; path = System/Library/Frameworks/MapKit.framework; sourceTree = SDKROOT; };
		4711A9CF19AFBC1B0062F587 /* UIKit.framework */ = {isa = PBXFileReference; lastKnownFileType = wrapper.framework; name = UIKit.framework; path = System/Library/Frameworks/UIKit.framework; sourceTree = SDKROOT; };
		4711A9D119AFBC230062F587 /* Foundation.framework */ = {isa = PBXFileReference; lastKnownFileType = wrapper.framework; name = Foundation.framework; path = System/Library/Frameworks/Foundation.framework; sourceTree = SDKROOT; };
		4711A9D319AFBC290062F587 /* CoreGraphics.framework */ = {isa = PBXFileReference; lastKnownFileType = wrapper.framework; name = CoreGraphics.framework; path = System/Library/Frameworks/CoreGraphics.framework; sourceTree = SDKROOT; };
		4711AA0119AFBF710062F587 /* VirginiaTech.gpx */ = {isa = PBXFileReference; fileEncoding = 4; lastKnownFileType = text.xml; path = VirginiaTech.gpx; sourceTree = "<group>"; };
		4711AA0319AFBF850062F587 /* StopName.txt */ = {isa = PBXFileReference; fileEncoding = 4; lastKnownFileType = text; path = StopName.txt; sourceTree = "<group>"; };
		4711AA0419AFBF850062F587 /* StopCode.txt */ = {isa = PBXFileReference; fileEncoding = 4; lastKnownFileType = text; path = StopCode.txt; sourceTree = "<group>"; };
		4711AA0519AFBF850062F587 /* Latitudes.txt */ = {isa = PBXFileReference; fileEncoding = 4; lastKnownFileType = text; path = Latitudes.txt; sourceTree = "<group>"; };
		4711AA0619AFBF850062F587 /* Longitudes.txt */ = {isa = PBXFileReference; fileEncoding = 4; lastKnownFileType = text; path = Longitudes.txt; sourceTree = "<group>"; };
		4711AA0719AFBF850062F587 /* Routes.txt */ = {isa = PBXFileReference; fileEncoding = 4; lastKnownFileType = text; path = Routes.txt; sourceTree = "<group>"; };
		4711AA0819AFBF850062F587 /* ShortRouteNames.txt */ = {isa = PBXFileReference; fileEncoding = 4; lastKnownFileType = text; path = ShortRouteNames.txt; sourceTree = "<group>"; };
		4711AA1F19AFC5330062F587 /* VT Transit.app */ = {isa = PBXFileReference; explicitFileType = wrapper.application; includeInIndex = 0; path = "VT Transit.app"; sourceTree = BUILT_PRODUCTS_DIR; };
		4711AA2019AFC5330062F587 /* VT TransitTests.xctest */ = {isa = PBXFileReference; explicitFileType = wrapper.cfbundle; includeInIndex = 0; path = "VT TransitTests.xctest"; sourceTree = BUILT_PRODUCTS_DIR; };
		4711AA2619AFCA6A0062F587 /* VT Transit-Bridging-Header.h */ = {isa = PBXFileReference; lastKnownFileType = sourcecode.c.h; path = "VT Transit-Bridging-Header.h"; sourceTree = "<group>"; };
		47150D731A649BD6009201CA /* MapAnnotation.swift */ = {isa = PBXFileReference; fileEncoding = 4; lastKnownFileType = sourcecode.swift; path = MapAnnotation.swift; sourceTree = "<group>"; };
		4722CF481A29376B00CCEB8F /* Bolts.framework */ = {isa = PBXFileReference; lastKnownFileType = wrapper.framework; path = Bolts.framework; sourceTree = "<group>"; };
		4722CF491A29376B00CCEB8F /* Parse.framework */ = {isa = PBXFileReference; lastKnownFileType = wrapper.framework; path = Parse.framework; sourceTree = "<group>"; };
		4722CF4C1A29967900CCEB8F /* Parser.swift */ = {isa = PBXFileReference; fileEncoding = 4; lastKnownFileType = sourcecode.swift; path = Parser.swift; sourceTree = "<group>"; };
		4722CF4E1A29971400CCEB8F /* StopsTableViewController.swift */ = {isa = PBXFileReference; fileEncoding = 4; lastKnownFileType = sourcecode.swift; path = StopsTableViewController.swift; sourceTree = "<group>"; };
		4734D7AF19CF59B9007AB683 /* Bolts.framework */ = {isa = PBXFileReference; lastKnownFileType = wrapper.framework; name = Bolts.framework; path = "../Parse Framework/Bolts.framework"; sourceTree = "<group>"; };
		4734D7B019CF59B9007AB683 /* Parse.framework */ = {isa = PBXFileReference; lastKnownFileType = wrapper.framework; name = Parse.framework; path = "../Parse Framework/Parse.framework"; sourceTree = "<group>"; };
		47404B1E1A571A7B0039C3FA /* SegmentViewController.swift */ = {isa = PBXFileReference; fileEncoding = 4; lastKnownFileType = sourcecode.swift; path = SegmentViewController.swift; sourceTree = "<group>"; };
		474D51521A7D56EA006EE7EF /* VT Transit.entitlements */ = {isa = PBXFileReference; lastKnownFileType = text.xml; path = "VT Transit.entitlements"; sourceTree = "<group>"; };
		474D51531A7D56F9006EE7EF /* CloudKit.framework */ = {isa = PBXFileReference; lastKnownFileType = wrapper.framework; name = CloudKit.framework; path = System/Library/Frameworks/CloudKit.framework; sourceTree = SDKROOT; };
		475626C91A92AFAB005AFE07 /* CloudKitStuff.swift */ = {isa = PBXFileReference; fileEncoding = 4; lastKnownFileType = sourcecode.swift; path = CloudKitStuff.swift; sourceTree = "<group>"; };
		475626CC1A92C530005AFE07 /* FavoritesViewController.swift */ = {isa = PBXFileReference; fileEncoding = 4; lastKnownFileType = sourcecode.swift; path = FavoritesViewController.swift; sourceTree = "<group>"; };
		475626D11A92CAEA005AFE07 /* AddStopsViewController.swift */ = {isa = PBXFileReference; fileEncoding = 4; lastKnownFileType = sourcecode.swift; path = AddStopsViewController.swift; sourceTree = "<group>"; };
		4784FA8719B8E3D8009BE8C4 /* Route.swift */ = {isa = PBXFileReference; fileEncoding = 4; lastKnownFileType = sourcecode.swift; path = Route.swift; sourceTree = "<group>"; };
		4784FA8919B8F0DA009BE8C4 /* Stop.swift */ = {isa = PBXFileReference; fileEncoding = 4; lastKnownFileType = sourcecode.swift; path = Stop.swift; sourceTree = "<group>"; };
		47BB57B919AFB0A300B3807E /* Info.plist */ = {isa = PBXFileReference; lastKnownFileType = text.plist.xml; path = Info.plist; sourceTree = "<group>"; };
		47BB57BA19AFB0A300B3807E /* AppDelegate.swift */ = {isa = PBXFileReference; lastKnownFileType = sourcecode.swift; path = AppDelegate.swift; sourceTree = "<group>"; };
		47BB57C119AFB0A300B3807E /* Base */ = {isa = PBXFileReference; lastKnownFileType = file.storyboard; name = Base; path = Base.lproj/Main.storyboard; sourceTree = "<group>"; };
		47BB57C319AFB0A300B3807E /* Images.xcassets */ = {isa = PBXFileReference; lastKnownFileType = folder.assetcatalog; path = Images.xcassets; sourceTree = "<group>"; };
		47BB57CE19AFB0A300B3807E /* Info.plist */ = {isa = PBXFileReference; lastKnownFileType = text.plist.xml; path = Info.plist; sourceTree = "<group>"; };
		47BB57CF19AFB0A300B3807E /* VT_TransitTests.swift */ = {isa = PBXFileReference; lastKnownFileType = sourcecode.swift; path = VT_TransitTests.swift; sourceTree = "<group>"; };
		47C8B0D91A26D36400C9BD0A /* RoutesTableViewController.swift */ = {isa = PBXFileReference; fileEncoding = 4; lastKnownFileType = sourcecode.swift; path = RoutesTableViewController.swift; sourceTree = "<group>"; };
		47C8B0E01A284A8400C9BD0A /* TBXML.h */ = {isa = PBXFileReference; fileEncoding = 4; lastKnownFileType = sourcecode.c.h; path = TBXML.h; sourceTree = "<group>"; };
		47C8B0E11A284A8400C9BD0A /* TBXML.m */ = {isa = PBXFileReference; fileEncoding = 4; lastKnownFileType = sourcecode.c.objc; path = TBXML.m; sourceTree = "<group>"; };
		47D6D0B71A770EE6004A2EFD /* NearbyStopsTableViewController.swift */ = {isa = PBXFileReference; fileEncoding = 4; lastKnownFileType = sourcecode.swift; path = NearbyStopsTableViewController.swift; sourceTree = "<group>"; };
		47D6D0BA1A77E2F7004A2EFD /* NearbyStopsTableViewCell.swift */ = {isa = PBXFileReference; fileEncoding = 4; lastKnownFileType = sourcecode.swift; path = NearbyStopsTableViewCell.swift; sourceTree = "<group>"; };
/* End PBXFileReference section */

/* Begin PBXFrameworksBuildPhase section */
		47BB57B219AFB0A300B3807E /* Frameworks */ = {
			isa = PBXFrameworksBuildPhase;
			buildActionMask = 2147483647;
			files = (
				4722CF4A1A29376B00CCEB8F /* Bolts.framework in Frameworks */,
				4711A9D419AFBC290062F587 /* CoreGraphics.framework in Frameworks */,
				4711A9D219AFBC230062F587 /* Foundation.framework in Frameworks */,
				4711A9D019AFBC1B0062F587 /* UIKit.framework in Frameworks */,
				4711A9CE19AFBC160062F587 /* MapKit.framework in Frameworks */,
				4711A9CC19AFBC0B0062F587 /* CoreLocation.framework in Frameworks */,
				4722CF4B1A29376B00CCEB8F /* Parse.framework in Frameworks */,
				4711A9CA19AFBC060062F587 /* iAd.framework in Frameworks */,
				4711A9C819AFBC010062F587 /* SystemConfiguration.framework in Frameworks */,
				474D51541A7D56F9006EE7EF /* CloudKit.framework in Frameworks */,
				4711A9C619AFBBF50062F587 /* Security.framework in Frameworks */,
				4711A9C419AFBBED0062F587 /* AudioToolbox.framework in Frameworks */,
				4711A9C219AFBBE10062F587 /* CFNetwork.framework in Frameworks */,
				4711A9C019AFBBDB0062F587 /* libz.1.1.3.dylib in Frameworks */,
				4711A9BE19AFBBD60062F587 /* MobileCoreServices.framework in Frameworks */,
				4711A9BC19AFBBCF0062F587 /* QuartzCore.framework in Frameworks */,
				4711A9BA19AFBBB80062F587 /* StoreKit.framework in Frameworks */,
			);
			runOnlyForDeploymentPostprocessing = 0;
		};
		47BB57C619AFB0A300B3807E /* Frameworks */ = {
			isa = PBXFrameworksBuildPhase;
			buildActionMask = 2147483647;
			files = (
			);
			runOnlyForDeploymentPostprocessing = 0;
		};
/* End PBXFrameworksBuildPhase section */

/* Begin PBXGroup section */
		4705068A1A42B5AB00EEA613 /* Objects */ = {
			isa = PBXGroup;
			children = (
				4784FA8719B8E3D8009BE8C4 /* Route.swift */,
				4784FA8919B8F0DA009BE8C4 /* Stop.swift */,
				4722CF4C1A29967900CCEB8F /* Parser.swift */,
			);
			name = Objects;
			sourceTree = "<group>";
		};
		4705068F1A42B72D00EEA613 /* Collection View Cells */ = {
			isa = PBXGroup;
			children = (
				4705068B1A42B65400EEA613 /* ArrivalTimesCollectionViewCell.swift */,
				4705068D1A42B72800EEA613 /* StopsHeaderCollectionReusableView.swift */,
			);
			name = "Collection View Cells";
			sourceTree = "<group>";
		};
		4711A9D519AFBC300062F587 /* Frameworks */ = {
			isa = PBXGroup;
			children = (
				474D51531A7D56F9006EE7EF /* CloudKit.framework */,
				4722CF481A29376B00CCEB8F /* Bolts.framework */,
				4722CF491A29376B00CCEB8F /* Parse.framework */,
				4734D7AF19CF59B9007AB683 /* Bolts.framework */,
				4734D7B019CF59B9007AB683 /* Parse.framework */,
				4711A9D319AFBC290062F587 /* CoreGraphics.framework */,
				4711A9D119AFBC230062F587 /* Foundation.framework */,
				4711A9CF19AFBC1B0062F587 /* UIKit.framework */,
				4711A9CD19AFBC160062F587 /* MapKit.framework */,
				4711A9CB19AFBC0B0062F587 /* CoreLocation.framework */,
				4711A9C919AFBC060062F587 /* iAd.framework */,
				4711A9C719AFBC010062F587 /* SystemConfiguration.framework */,
				4711A9C519AFBBF50062F587 /* Security.framework */,
				4711A9C319AFBBED0062F587 /* AudioToolbox.framework */,
				4711A9C119AFBBE10062F587 /* CFNetwork.framework */,
				4711A9BF19AFBBDB0062F587 /* libz.1.1.3.dylib */,
				4711A9BD19AFBBD60062F587 /* MobileCoreServices.framework */,
				4711A9BB19AFBBCF0062F587 /* QuartzCore.framework */,
				4711A9B919AFBBB80062F587 /* StoreKit.framework */,
			);
			name = Frameworks;
			sourceTree = "<group>";
		};
		4711AA0F19AFBF8B0062F587 /* Metadata Text Files */ = {
			isa = PBXGroup;
			children = (
				4711AA0319AFBF850062F587 /* StopName.txt */,
				4711AA0419AFBF850062F587 /* StopCode.txt */,
				4711AA0519AFBF850062F587 /* Latitudes.txt */,
				4711AA0619AFBF850062F587 /* Longitudes.txt */,
				4711AA0719AFBF850062F587 /* Routes.txt */,
				4711AA0819AFBF850062F587 /* ShortRouteNames.txt */,
			);
			name = "Metadata Text Files";
			sourceTree = "<group>";
		};
		47BB57AC19AFB0A300B3807E = {
			isa = PBXGroup;
			children = (
				47BB57B719AFB0A300B3807E /* VT Transit */,
				47BB57CC19AFB0A300B3807E /* VT TransitTests */,
				4711A9D519AFBC300062F587 /* Frameworks */,
				4711AA1F19AFC5330062F587 /* VT Transit.app */,
				4711AA2019AFC5330062F587 /* VT TransitTests.xctest */,
			);
			sourceTree = "<group>";
		};
		47BB57B719AFB0A300B3807E /* VT Transit */ = {
			isa = PBXGroup;
			children = (
				47BB57BA19AFB0A300B3807E /* AppDelegate.swift */,
				47BB57C019AFB0A300B3807E /* Main.storyboard */,
				47C8B0DD1A26EF9300C9BD0A /* View Controllers */,
				4705068F1A42B72D00EEA613 /* Collection View Cells */,
				4705068A1A42B5AB00EEA613 /* Objects */,
				47D6D0B91A77E2DD004A2EFD /* Custom Classes */,
				47C8B0E41A28509500C9BD0A /* Objective-C Classes */,
				47BB57C319AFB0A300B3807E /* Images.xcassets */,
				47BB57B819AFB0A300B3807E /* Supporting Files */,
			);
			path = "VT Transit";
			sourceTree = "<group>";
		};
		47BB57B819AFB0A300B3807E /* Supporting Files */ = {
			isa = PBXGroup;
			children = (
				474D51521A7D56EA006EE7EF /* VT Transit.entitlements */,
				4711AA0119AFBF710062F587 /* VirginiaTech.gpx */,
				4711AA0F19AFBF8B0062F587 /* Metadata Text Files */,
				47BB57B919AFB0A300B3807E /* Info.plist */,
				4711AA2619AFCA6A0062F587 /* VT Transit-Bridging-Header.h */,
				475626C91A92AFAB005AFE07 /* CloudKitStuff.swift */,
			);
			name = "Supporting Files";
			sourceTree = "<group>";
		};
		47BB57CC19AFB0A300B3807E /* VT TransitTests */ = {
			isa = PBXGroup;
			children = (
				47BB57CF19AFB0A300B3807E /* VT_TransitTests.swift */,
				47BB57CD19AFB0A300B3807E /* Supporting Files */,
			);
			path = "VT TransitTests";
			sourceTree = "<group>";
		};
		47BB57CD19AFB0A300B3807E /* Supporting Files */ = {
			isa = PBXGroup;
			children = (
				47BB57CE19AFB0A300B3807E /* Info.plist */,
			);
			name = "Supporting Files";
			sourceTree = "<group>";
		};
		47C8B0DD1A26EF9300C9BD0A /* View Controllers */ = {
			isa = PBXGroup;
			children = (
				47C8B0D91A26D36400C9BD0A /* RoutesTableViewController.swift */,
				470506961A4D4DD900EEA613 /* ContainerViewController.swift */,
				47404B1E1A571A7B0039C3FA /* SegmentViewController.swift */,
				4722CF4E1A29971400CCEB8F /* StopsTableViewController.swift */,
				470506941A4B5CEB00EEA613 /* MapViewController.swift */,
				470506901A42B94F00EEA613 /* ArrivalTimesForRouteCollectionViewController.swift */,
				47D6D0B71A770EE6004A2EFD /* NearbyStopsTableViewController.swift */,
				475626CC1A92C530005AFE07 /* FavoritesViewController.swift */,
				475626D11A92CAEA005AFE07 /* AddStopsViewController.swift */,
			);
			name = "View Controllers";
			sourceTree = "<group>";
		};
		47C8B0E41A28509500C9BD0A /* Objective-C Classes */ = {
			isa = PBXGroup;
			children = (
				47C8B0E01A284A8400C9BD0A /* TBXML.h */,
				47C8B0E11A284A8400C9BD0A /* TBXML.m */,
			);
			name = "Objective-C Classes";
			sourceTree = "<group>";
		};
		47D6D0B91A77E2DD004A2EFD /* Custom Classes */ = {
			isa = PBXGroup;
			children = (
				470506981A4E663D00EEA613 /* EmptySegue.swift */,
				47150D731A649BD6009201CA /* MapAnnotation.swift */,
				47D6D0BA1A77E2F7004A2EFD /* NearbyStopsTableViewCell.swift */,
			);
			name = "Custom Classes";
			sourceTree = "<group>";
		};
/* End PBXGroup section */

/* Begin PBXNativeTarget section */
		47BB57B419AFB0A300B3807E /* VT Transit */ = {
			isa = PBXNativeTarget;
			buildConfigurationList = 47BB57D319AFB0A300B3807E /* Build configuration list for PBXNativeTarget "VT Transit" */;
			buildPhases = (
				47BB57B119AFB0A300B3807E /* Sources */,
				47BB57B219AFB0A300B3807E /* Frameworks */,
				47BB57B319AFB0A300B3807E /* Resources */,
			);
			buildRules = (
			);
			dependencies = (
			);
			name = "VT Transit";
			productName = "VT Transit";
			productReference = 4711AA1F19AFC5330062F587 /* VT Transit.app */;
			productType = "com.apple.product-type.application";
		};
		47BB57C819AFB0A300B3807E /* VT TransitTests */ = {
			isa = PBXNativeTarget;
			buildConfigurationList = 47BB57D619AFB0A300B3807E /* Build configuration list for PBXNativeTarget "VT TransitTests" */;
			buildPhases = (
				47BB57C519AFB0A300B3807E /* Sources */,
				47BB57C619AFB0A300B3807E /* Frameworks */,
				47BB57C719AFB0A300B3807E /* Resources */,
			);
			buildRules = (
			);
			dependencies = (
				47BB57CB19AFB0A300B3807E /* PBXTargetDependency */,
			);
			name = "VT TransitTests";
			productName = "VT TransitTests";
			productReference = 4711AA2019AFC5330062F587 /* VT TransitTests.xctest */;
			productType = "com.apple.product-type.bundle.unit-test";
		};
/* End PBXNativeTarget section */

/* Begin PBXProject section */
		47BB57AD19AFB0A300B3807E /* Project object */ = {
			isa = PBXProject;
			attributes = {
				LastUpgradeCheck = 0600;
				ORGANIZATIONNAME = Appify;
				TargetAttributes = {
					47BB57B419AFB0A300B3807E = {
						CreatedOnToolsVersion = 6.0;
						DevelopmentTeam = A28NM53F25;
						SystemCapabilities = {
							com.apple.iCloud = {
								enabled = 1;
							};
						};
					};
					47BB57C819AFB0A300B3807E = {
						CreatedOnToolsVersion = 6.0;
						TestTargetID = 47BB57B419AFB0A300B3807E;
					};
				};
			};
			buildConfigurationList = 47BB57B019AFB0A300B3807E /* Build configuration list for PBXProject "VT Transit" */;
			compatibilityVersion = "Xcode 3.2";
			developmentRegion = English;
			hasScannedForEncodings = 0;
			knownRegions = (
				en,
				Base,
			);
			mainGroup = 47BB57AC19AFB0A300B3807E;
			productRefGroup = 47BB57AC19AFB0A300B3807E;
			projectDirPath = "";
			projectRoot = "";
			targets = (
				47BB57B419AFB0A300B3807E /* VT Transit */,
				47BB57C819AFB0A300B3807E /* VT TransitTests */,
			);
		};
/* End PBXProject section */

/* Begin PBXResourcesBuildPhase section */
		47BB57B319AFB0A300B3807E /* Resources */ = {
			isa = PBXResourcesBuildPhase;
			buildActionMask = 2147483647;
			files = (
				4711AA0219AFBF710062F587 /* VirginiaTech.gpx in Resources */,
				4711AA0919AFBF850062F587 /* StopName.txt in Resources */,
				4711AA0D19AFBF850062F587 /* Routes.txt in Resources */,
				4711AA0E19AFBF850062F587 /* ShortRouteNames.txt in Resources */,
				4711AA0C19AFBF850062F587 /* Longitudes.txt in Resources */,
				4711AA0B19AFBF850062F587 /* Latitudes.txt in Resources */,
				47BB57C219AFB0A300B3807E /* Main.storyboard in Resources */,
				4711AA0A19AFBF850062F587 /* StopCode.txt in Resources */,
				47BB57C419AFB0A300B3807E /* Images.xcassets in Resources */,
			);
			runOnlyForDeploymentPostprocessing = 0;
		};
		47BB57C719AFB0A300B3807E /* Resources */ = {
			isa = PBXResourcesBuildPhase;
			buildActionMask = 2147483647;
			files = (
			);
			runOnlyForDeploymentPostprocessing = 0;
		};
/* End PBXResourcesBuildPhase section */

/* Begin PBXSourcesBuildPhase section */
		47BB57B119AFB0A300B3807E /* Sources */ = {
			isa = PBXSourcesBuildPhase;
			buildActionMask = 2147483647;
			files = (
				475626D21A92CAEA005AFE07 /* AddStopsViewController.swift in Sources */,
				47D6D0B81A770EE6004A2EFD /* NearbyStopsTableViewController.swift in Sources */,
				475626CA1A92AFAB005AFE07 /* CloudKitStuff.swift in Sources */,
				47404B1F1A571A7B0039C3FA /* SegmentViewController.swift in Sources */,
				47BB57BB19AFB0A300B3807E /* AppDelegate.swift in Sources */,
				4705068E1A42B72800EEA613 /* StopsHeaderCollectionReusableView.swift in Sources */,
				4705068C1A42B65400EEA613 /* ArrivalTimesCollectionViewCell.swift in Sources */,
				470506911A42B94F00EEA613 /* ArrivalTimesForRouteCollectionViewController.swift in Sources */,
				470506991A4E663D00EEA613 /* EmptySegue.swift in Sources */,
				4722CF4F1A29971400CCEB8F /* StopsTableViewController.swift in Sources */,
				4784FA8819B8E3D8009BE8C4 /* Route.swift in Sources */,
				470506951A4B5CEB00EEA613 /* MapViewController.swift in Sources */,
				47D6D0BB1A77E2F7004A2EFD /* NearbyStopsTableViewCell.swift in Sources */,
				4784FA8A19B8F0DA009BE8C4 /* Stop.swift in Sources */,
				47C8B0E31A284A8400C9BD0A /* TBXML.m in Sources */,
				47150D741A649BD6009201CA /* MapAnnotation.swift in Sources */,
				47C8B0DA1A26D36400C9BD0A /* RoutesTableViewController.swift in Sources */,
				470506971A4D4DD900EEA613 /* ContainerViewController.swift in Sources */,
				4722CF4D1A29967900CCEB8F /* Parser.swift in Sources */,
				475626CE1A92C530005AFE07 /* FavoritesViewController.swift in Sources */,
			);
			runOnlyForDeploymentPostprocessing = 0;
		};
		47BB57C519AFB0A300B3807E /* Sources */ = {
			isa = PBXSourcesBuildPhase;
			buildActionMask = 2147483647;
			files = (
				47BB57D019AFB0A300B3807E /* VT_TransitTests.swift in Sources */,
			);
			runOnlyForDeploymentPostprocessing = 0;
		};
/* End PBXSourcesBuildPhase section */

/* Begin PBXTargetDependency section */
		47BB57CB19AFB0A300B3807E /* PBXTargetDependency */ = {
			isa = PBXTargetDependency;
			target = 47BB57B419AFB0A300B3807E /* VT Transit */;
			targetProxy = 47BB57CA19AFB0A300B3807E /* PBXContainerItemProxy */;
		};
/* End PBXTargetDependency section */

/* Begin PBXVariantGroup section */
		47BB57C019AFB0A300B3807E /* Main.storyboard */ = {
			isa = PBXVariantGroup;
			children = (
				47BB57C119AFB0A300B3807E /* Base */,
			);
			name = Main.storyboard;
			sourceTree = "<group>";
		};
/* End PBXVariantGroup section */

/* Begin XCBuildConfiguration section */
		47BB57D119AFB0A300B3807E /* Debug */ = {
			isa = XCBuildConfiguration;
			buildSettings = {
				ALWAYS_SEARCH_USER_PATHS = NO;
				CLANG_CXX_LANGUAGE_STANDARD = "gnu++0x";
				CLANG_CXX_LIBRARY = "libc++";
				CLANG_ENABLE_MODULES = YES;
				CLANG_ENABLE_OBJC_ARC = YES;
				CLANG_WARN_BOOL_CONVERSION = YES;
				CLANG_WARN_CONSTANT_CONVERSION = YES;
				CLANG_WARN_DIRECT_OBJC_ISA_USAGE = YES_ERROR;
				CLANG_WARN_EMPTY_BODY = YES;
				CLANG_WARN_ENUM_CONVERSION = YES;
				CLANG_WARN_INT_CONVERSION = YES;
				CLANG_WARN_OBJC_ROOT_CLASS = YES_ERROR;
				CLANG_WARN_UNREACHABLE_CODE = YES;
				CLANG_WARN__DUPLICATE_METHOD_MATCH = YES;
				"CODE_SIGN_IDENTITY[sdk=iphoneos*]" = "iPhone Developer";
				COPY_PHASE_STRIP = NO;
				ENABLE_STRICT_OBJC_MSGSEND = YES;
				GCC_C_LANGUAGE_STANDARD = gnu99;
				GCC_DYNAMIC_NO_PIC = NO;
				GCC_OPTIMIZATION_LEVEL = 0;
				GCC_PREPROCESSOR_DEFINITIONS = (
					"DEBUG=1",
					"$(inherited)",
				);
				GCC_SYMBOLS_PRIVATE_EXTERN = NO;
				GCC_WARN_64_TO_32_BIT_CONVERSION = YES;
				GCC_WARN_ABOUT_RETURN_TYPE = YES_ERROR;
				GCC_WARN_UNDECLARED_SELECTOR = YES;
				GCC_WARN_UNINITIALIZED_AUTOS = YES_AGGRESSIVE;
				GCC_WARN_UNUSED_FUNCTION = YES;
				GCC_WARN_UNUSED_VARIABLE = YES;
				IPHONEOS_DEPLOYMENT_TARGET = 8.0;
				MTL_ENABLE_DEBUG_INFO = YES;
				ONLY_ACTIVE_ARCH = YES;
				SDKROOT = iphoneos;
				SWIFT_OPTIMIZATION_LEVEL = "-Onone";
			};
			name = Debug;
		};
		47BB57D219AFB0A300B3807E /* Release */ = {
			isa = XCBuildConfiguration;
			buildSettings = {
				ALWAYS_SEARCH_USER_PATHS = NO;
				CLANG_CXX_LANGUAGE_STANDARD = "gnu++0x";
				CLANG_CXX_LIBRARY = "libc++";
				CLANG_ENABLE_MODULES = YES;
				CLANG_ENABLE_OBJC_ARC = YES;
				CLANG_WARN_BOOL_CONVERSION = YES;
				CLANG_WARN_CONSTANT_CONVERSION = YES;
				CLANG_WARN_DIRECT_OBJC_ISA_USAGE = YES_ERROR;
				CLANG_WARN_EMPTY_BODY = YES;
				CLANG_WARN_ENUM_CONVERSION = YES;
				CLANG_WARN_INT_CONVERSION = YES;
				CLANG_WARN_OBJC_ROOT_CLASS = YES_ERROR;
				CLANG_WARN_UNREACHABLE_CODE = YES;
				CLANG_WARN__DUPLICATE_METHOD_MATCH = YES;
				"CODE_SIGN_IDENTITY[sdk=iphoneos*]" = "iPhone Developer";
				COPY_PHASE_STRIP = YES;
				ENABLE_NS_ASSERTIONS = NO;
				ENABLE_STRICT_OBJC_MSGSEND = YES;
				GCC_C_LANGUAGE_STANDARD = gnu99;
				GCC_WARN_64_TO_32_BIT_CONVERSION = YES;
				GCC_WARN_ABOUT_RETURN_TYPE = YES_ERROR;
				GCC_WARN_UNDECLARED_SELECTOR = YES;
				GCC_WARN_UNINITIALIZED_AUTOS = YES_AGGRESSIVE;
				GCC_WARN_UNUSED_FUNCTION = YES;
				GCC_WARN_UNUSED_VARIABLE = YES;
				IPHONEOS_DEPLOYMENT_TARGET = 8.0;
				MTL_ENABLE_DEBUG_INFO = NO;
				SDKROOT = iphoneos;
				VALIDATE_PRODUCT = YES;
			};
			name = Release;
		};
		47BB57D419AFB0A300B3807E /* Debug */ = {
			isa = XCBuildConfiguration;
			buildSettings = {
				ASSETCATALOG_COMPILER_APPICON_NAME = AppIcon;
				ASSETCATALOG_COMPILER_LAUNCHIMAGE_NAME = LaunchImage;
				CLANG_ENABLE_MODULES = YES;
				CODE_SIGN_ENTITLEMENTS = "VT Transit/VT Transit.entitlements";
				CODE_SIGN_IDENTITY = "iPhone Developer";
				"CODE_SIGN_IDENTITY[sdk=iphoneos*]" = "iPhone Developer";
				DEFINES_MODULE = YES;
				FRAMEWORK_SEARCH_PATHS = (
					"$(inherited)",
					"$(PROJECT_DIR)",
				);
				INFOPLIST_FILE = "VT Transit/Info.plist";
				IPHONEOS_DEPLOYMENT_TARGET = 8.0;
				LD_RUNPATH_SEARCH_PATHS = "$(inherited) @executable_path/Frameworks";
				PRODUCT_NAME = "$(TARGET_NAME)";
				PROVISIONING_PROFILE = "";
				SWIFT_OBJC_BRIDGING_HEADER = "VT Transit/VT Transit-Bridging-Header.h";
				SWIFT_OPTIMIZATION_LEVEL = "-Onone";
			};
			name = Debug;
		};
		47BB57D519AFB0A300B3807E /* Release */ = {
			isa = XCBuildConfiguration;
			buildSettings = {
				ASSETCATALOG_COMPILER_APPICON_NAME = AppIcon;
				ASSETCATALOG_COMPILER_LAUNCHIMAGE_NAME = LaunchImage;
				CLANG_ENABLE_MODULES = YES;
				CODE_SIGN_ENTITLEMENTS = "VT Transit/VT Transit.entitlements";
				CODE_SIGN_IDENTITY = "iPhone Developer";
				"CODE_SIGN_IDENTITY[sdk=iphoneos*]" = "iPhone Developer";
				DEFINES_MODULE = YES;
				FRAMEWORK_SEARCH_PATHS = (
					"$(inherited)",
					"$(PROJECT_DIR)",
				);
				INFOPLIST_FILE = "VT Transit/Info.plist";
				IPHONEOS_DEPLOYMENT_TARGET = 8.0;
				LD_RUNPATH_SEARCH_PATHS = "$(inherited) @executable_path/Frameworks";
				PRODUCT_NAME = "$(TARGET_NAME)";
				PROVISIONING_PROFILE = "";
				SWIFT_OBJC_BRIDGING_HEADER = "VT Transit/VT Transit-Bridging-Header.h";
			};
			name = Release;
		};
		47BB57D719AFB0A300B3807E /* Debug */ = {
			isa = XCBuildConfiguration;
			buildSettings = {
				BUNDLE_LOADER = "$(TEST_HOST)";
				FRAMEWORK_SEARCH_PATHS = (
					"$(SDKROOT)/Developer/Library/Frameworks",
					"$(inherited)",
				);
				GCC_PREPROCESSOR_DEFINITIONS = (
					"DEBUG=1",
					"$(inherited)",
				);
				INFOPLIST_FILE = "VT TransitTests/Info.plist";
				LD_RUNPATH_SEARCH_PATHS = "$(inherited) @executable_path/Frameworks @loader_path/Frameworks";
				PRODUCT_NAME = "$(TARGET_NAME)";
				TEST_HOST = "$(BUILT_PRODUCTS_DIR)/VT Transit.app/VT Transit";
			};
			name = Debug;
		};
		47BB57D819AFB0A300B3807E /* Release */ = {
			isa = XCBuildConfiguration;
			buildSettings = {
				BUNDLE_LOADER = "$(TEST_HOST)";
				FRAMEWORK_SEARCH_PATHS = (
					"$(SDKROOT)/Developer/Library/Frameworks",
					"$(inherited)",
				);
				INFOPLIST_FILE = "VT TransitTests/Info.plist";
				LD_RUNPATH_SEARCH_PATHS = "$(inherited) @executable_path/Frameworks @loader_path/Frameworks";
				PRODUCT_NAME = "$(TARGET_NAME)";
				TEST_HOST = "$(BUILT_PRODUCTS_DIR)/VT Transit.app/VT Transit";
			};
			name = Release;
		};
/* End XCBuildConfiguration section */

/* Begin XCConfigurationList section */
		47BB57B019AFB0A300B3807E /* Build configuration list for PBXProject "VT Transit" */ = {
			isa = XCConfigurationList;
			buildConfigurations = (
				47BB57D119AFB0A300B3807E /* Debug */,
				47BB57D219AFB0A300B3807E /* Release */,
			);
			defaultConfigurationIsVisible = 0;
			defaultConfigurationName = Release;
		};
		47BB57D319AFB0A300B3807E /* Build configuration list for PBXNativeTarget "VT Transit" */ = {
			isa = XCConfigurationList;
			buildConfigurations = (
				47BB57D419AFB0A300B3807E /* Debug */,
				47BB57D519AFB0A300B3807E /* Release */,
			);
			defaultConfigurationIsVisible = 0;
			defaultConfigurationName = Release;
		};
		47BB57D619AFB0A300B3807E /* Build configuration list for PBXNativeTarget "VT TransitTests" */ = {
			isa = XCConfigurationList;
			buildConfigurations = (
				47BB57D719AFB0A300B3807E /* Debug */,
				47BB57D819AFB0A300B3807E /* Release */,
			);
			defaultConfigurationIsVisible = 0;
			defaultConfigurationName = Release;
		};
/* End XCConfigurationList section */
	};
	rootObject = 47BB57AD19AFB0A300B3807E /* Project object */;
}
